
Microsoft Visual Studio Solution File, Format Version 12.00
# Visual Studio Version 17
VisualStudioVersion = 17.4.33103.184
MinimumVisualStudioVersion = 10.0.40219.1
Project("{8BC9CEB8-8B4A-11D0-8D11-00A0C91BC942}") = "kinfinityhook", "kinfinityhook\kinfinityhook.vcxproj", "{71A0ED4D-0B55-4A92-B020-9021C86BEDA0}"
EndProject
Project("{8BC9CEB8-8B4A-11D0-8D11-00A0C91BC942}") = "libinfinityhook", "libinfinityhook\libinfinityhook.vcxproj", "{B9079C4E-D613-48C4-A649-9146B29CA9E7}"
EndProject
Project("{9A19103F-16F7-4668-BE54-9A1E7A4F7556}") = "WpfGuiService", "WpfGuiService\WpfGuiService.csproj", "{9942B762-E7EF-47D8-A676-4F57BDD5E8C8}"
EndProject
Global
	GlobalSection(SolutionConfigurationPlatforms) = preSolution
		Debug|Any CPU = Debug|Any CPU
		Debug|x64 = Debug|x64
		Debug|x86 = Debug|x86
		Release|Any CPU = Release|Any CPU
		Release|x64 = Release|x64
		Release|x86 = Release|x86
	EndGlobalSection
	GlobalSection(ProjectConfigurationPlatforms) = postSolution
		{71A0ED4D-0B55-4A92-B020-9021C86BEDA0}.Debug|Any CPU.ActiveCfg = Debug|x64
		{71A0ED4D-0B55-4A92-B020-9021C86BEDA0}.Debug|Any CPU.Build.0 = Debug|x64
		{71A0ED4D-0B55-4A92-B020-9021C86BEDA0}.Debug|Any CPU.Deploy.0 = Debug|x64
		{71A0ED4D-0B55-4A92-B020-9021C86BEDA0}.Debug|x64.ActiveCfg = Debug|x64
		{71A0ED4D-0B55-4A92-B020-9021C86BEDA0}.Debug|x64.Build.0 = Debug|x64
		{71A0ED4D-0B55-4A92-B020-9021C86BEDA0}.Debug|x64.Deploy.0 = Debug|x64
		{71A0ED4D-0B55-4A92-B020-9021C86BEDA0}.Debug|x86.ActiveCfg = Debug|x64
		{71A0ED4D-0B55-4A92-B020-9021C86BEDA0}.Debug|x86.Build.0 = Debug|x64
		{71A0ED4D-0B55-4A92-B020-9021C86BEDA0}.Debug|x86.Deploy.0 = Debug|x64
		{71A0ED4D-0B55-4A92-B020-9021C86BEDA0}.Release|Any CPU.ActiveCfg = Release|x64
		{71A0ED4D-0B55-4A92-B020-9021C86BEDA0}.Release|Any CPU.Build.0 = Release|x64
		{71A0ED4D-0B55-4A92-B020-9021C86BEDA0}.Release|Any CPU.Deploy.0 = Release|x64
		{71A0ED4D-0B55-4A92-B020-9021C86BEDA0}.Release|x64.ActiveCfg = Release|x64
		{71A0ED4D-0B55-4A92-B020-9021C86BEDA0}.Release|x64.Build.0 = Release|x64
		{71A0ED4D-0B55-4A92-B020-9021C86BEDA0}.Release|x64.Deploy.0 = Release|x64
		{71A0ED4D-0B55-4A92-B020-9021C86BEDA0}.Release|x86.ActiveCfg = Release|x64
		{71A0ED4D-0B55-4A92-B020-9021C86BEDA0}.Release|x86.Build.0 = Release|x64
		{71A0ED4D-0B55-4A92-B020-9021C86BEDA0}.Release|x86.Deploy.0 = Release|x64
		{B9079C4E-D613-48C4-A649-9146B29CA9E7}.Debug|Any CPU.ActiveCfg = Debug|x64
		{B9079C4E-D613-48C4-A649-9146B29CA9E7}.Debug|Any CPU.Build.0 = Debug|x64
		{B9079C4E-D613-48C4-A649-9146B29CA9E7}.Debug|Any CPU.Deploy.0 = Debug|x64
		{B9079C4E-D613-48C4-A649-9146B29CA9E7}.Debug|x64.ActiveCfg = Debug|x64
		{B9079C4E-D613-48C4-A649-9146B29CA9E7}.Debug|x64.Build.0 = Debug|x64
		{B9079C4E-D613-48C4-A649-9146B29CA9E7}.Debug|x64.Deploy.0 = Debug|x64
		{B9079C4E-D613-48C4-A649-9146B29CA9E7}.Debug|x86.ActiveCfg = Debug|Win32
		{B9079C4E-D613-48C4-A649-9146B29CA9E7}.Debug|x86.Build.0 = Debug|Win32
		{B9079C4E-D613-48C4-A649-9146B29CA9E7}.Debug|x86.Deploy.0 = Debug|Win32
		{B9079C4E-D613-48C4-A649-9146B29CA9E7}.Release|Any CPU.ActiveCfg = Release|x64
		{B9079C4E-D613-48C4-A649-9146B29CA9E7}.Release|Any CPU.Build.0 = Release|x64
		{B9079C4E-D613-48C4-A649-9146B29CA9E7}.Release|Any CPU.Deploy.0 = Release|x64
		{B9079C4E-D613-48C4-A649-9146B29CA9E7}.Release|x64.ActiveCfg = Release|x64
		{B9079C4E-D613-48C4-A649-9146B29CA9E7}.Release|x64.Build.0 = Release|x64
		{B9079C4E-D613-48C4-A649-9146B29CA9E7}.Release|x64.Deploy.0 = Release|x64
		{B9079C4E-D613-48C4-A649-9146B29CA9E7}.Release|x86.ActiveCfg = Release|Win32
		{B9079C4E-D613-48C4-A649-9146B29CA9E7}.Release|x86.Build.0 = Release|Win32
		{B9079C4E-D613-48C4-A649-9146B29CA9E7}.Release|x86.Deploy.0 = Release|Win32
		{9942B762-E7EF-47D8-A676-4F57BDD5E8C8}.Debug|Any CPU.ActiveCfg = Debug|Any CPU
		{9942B762-E7EF-47D8-A676-4F57BDD5E8C8}.Debug|Any CPU.Build.0 = Debug|Any CPU
		{9942B762-E7EF-47D8-A676-4F57BDD5E8C8}.Debug|x64.ActiveCfg = Debug|Any CPU
		{9942B762-E7EF-47D8-A676-4F57BDD5E8C8}.Debug|x64.Build.0 = Debug|Any CPU
		{9942B762-E7EF-47D8-A676-4F57BDD5E8C8}.Debug|x86.ActiveCfg = Debug|Any CPU
		{9942B762-E7EF-47D8-A676-4F57BDD5E8C8}.Debug|x86.Build.0 = Debug|Any CPU
		{9942B762-E7EF-47D8-A676-4F57BDD5E8C8}.Release|Any CPU.ActiveCfg = Release|Any CPU
		{9942B762-E7EF-47D8-A676-4F57BDD5E8C8}.Release|Any CPU.Build.0 = Release|Any CPU
		{9942B762-E7EF-47D8-A676-4F57BDD5E8C8}.Release|x64.ActiveCfg = Release|Any CPU
		{9942B762-E7EF-47D8-A676-4F57BDD5E8C8}.Release|x64.Build.0 = Release|Any CPU
		{9942B762-E7EF-47D8-A676-4F57BDD5E8C8}.Release|x86.ActiveCfg = Release|Any CPU
		{9942B762-E7EF-47D8-A676-4F57BDD5E8C8}.Release|x86.Build.0 = Release|Any CPU
	EndGlobalSection
	GlobalSection(SolutionProperties) = preSolution
		HideSolutionNode = FALSE
	EndGlobalSection
	GlobalSection(ExtensibilityGlobals) = postSolution
		SolutionGuid = {DD83D104-603B-4CE2-9025-2C4963CCFDC1}
	EndGlobalSection
EndGlobal
